
Microsoft Visual Studio Solution File, Format Version 12.00
# Visual Studio Version 17
VisualStudioVersion = 17.0.32126.317
MinimumVisualStudioVersion = 10.0.40219.1
Project("{FAE04EC0-301F-11D3-BF4B-00C04F79EFBC}") = "Scripter", "Scripter\Scripter.csproj", "{EA0B6C37-0AEA-4921-A11F-87C5B05CC90B}"
EndProject
Global
	GlobalSection(SolutionConfigurationPlatforms) = preSolution
		Debug|Any CPU = Debug|Any CPU
		Release|Any CPU = Release|Any CPU
	EndGlobalSection
	GlobalSection(ProjectConfigurationPlatforms) = postSolution
		{EA0B6C37-0AEA-4921-A11F-87C5B05CC90B}.Debug|Any CPU.ActiveCfg = Debug|Any CPU
		{EA0B6C37-0AEA-4921-A11F-87C5B05CC90B}.Debug|Any CPU.Build.0 = Debug|Any CPU
		{EA0B6C37-0AEA-4921-A11F-87C5B05CC90B}.Release|Any CPU.ActiveCfg = Release|Any CPU
		{EA0B6C37-0AEA-4921-A11F-87C5B05CC90B}.Release|Any CPU.Build.0 = Release|Any CPU
	EndGlobalSection
	GlobalSection(SolutionProperties) = preSolution
		HideSolutionNode = FALSE
	EndGlobalSection
	GlobalSection(ExtensibilityGlobals) = postSolution
		SolutionGuid = {16BD6EEE-6498-4F3B-B636-D0F69C5DE5F6}
	EndGlobalSection
EndGlobal
